Microsoft Visual Studio Solution File, Format Version 12.00
# Visual Studio Version 18
VisualStudioVersion = 18.4.11612.150 stable
MinimumVisualStudioVersion = 10.0.40219.1
Project("{8BC9CEB8-8B4A-11D0-8D11-00A0C91BC942}") = "Studiomdl", "src\studiomdl\studiomdl.vcxproj", "{11C26299-641F-C11B-AE89-676A714F07D2}"
	ProjectSection(ProjectDependencies) = postProject
		{03BD822F-165F-485B-4447-EC8C827C9611} = {03BD822F-165F-485B-4447-EC8C827C9611}
		{CAAFCF33-3300-592E-8801-2A62EFAB891D} = {CAAFCF33-3300-592E-8801-2A62EFAB891D}
		{8F28E772-D187-2ACE-6704-A05C90DBB78B} = {8F28E772-D187-2ACE-6704-A05C90DBB78B}
		{AC675328-15A1-6AFA-769B-1AD3B5211221} = {AC675328-15A1-6AFA-769B-1AD3B5211221}
		{691D84CA-A3AB-8291-BFC5-40A19AFCBA99} = {691D84CA-A3AB-8291-BFC5-40A19AFCBA99}
		{98ED0AAE-791D-8E78-3191-F06DF36168ED} = {98ED0AAE-791D-8E78-3191-F06DF36168ED}
		{D1E2F3A4-B5C6-7890-DEF0-123456789ABC} = {D1E2F3A4-B5C6-7890-DEF0-123456789ABC}
		{BAB92FF0-D72A-D7E5-1988-74628D39B94F} = {BAB92FF0-D72A-D7E5-1988-74628D39B94F}
		{D4664DDA-6071-8465-D286-02649CB82F56} = {D4664DDA-6071-8465-D286-02649CB82F56}
		{C3CE5691-7D7A-37DA-4B88-0C6F15549AE5} = {C3CE5691-7D7A-37DA-4B88-0C6F15549AE5}
		{C3359D88-86E6-3AB5-D120-D51856B220A1} = {C3359D88-86E6-3AB5-D120-D51856B220A1}
		{CAD9ADB1-E885-7A8F-80AF-5542266390F0} = {CAD9ADB1-E885-7A8F-80AF-5542266390F0}
		{42AF7114-9649-1E2D-D262-3856C7CA4EB5} = {42AF7114-9649-1E2D-D262-3856C7CA4EB5}
		{548EAF73-E359-115A-FC55-9505DE855C93} = {548EAF73-E359-115A-FC55-9505DE855C93}
		{77842697-8174-828C-B292-B30886D2FFB2} = {77842697-8174-828C-B292-B30886D2FFB2}
		{EC1C516D-E1D9-BC0A-F79D-E91E954ED8EC} = {EC1C516D-E1D9-BC0A-F79D-E91E954ED8EC}
		{4D8EF5A4-6DAD-80EB-8D2C-CF5A5E5DFA62} = {4D8EF5A4-6DAD-80EB-8D2C-CF5A5E5DFA62}
		{D855F918-41E5-A41F-C576-EB2DE770214F} = {D855F918-41E5-A41F-C576-EB2DE770214F}
		{9066E4D7-44F1-57B5-4309-662633F6247E} = {9066E4D7-44F1-57B5-4309-662633F6247E}
		{A1B2C3D4-E5F6-7890-ABCD-EF1234567890} = {A1B2C3D4-E5F6-7890-ABCD-EF1234567890}
		{B1C2D3E4-F5A6-7890-BCDE-F01234567890} = {B1C2D3E4-F5A6-7890-BCDE-F01234567890}
		{C2D3E4F5-A6B7-8901-CDEF-012345678901} = {C2D3E4F5-A6B7-8901-CDEF-012345678901}
		{A3F1B2C4-D5E6-4F78-9012-3456789ABCDE} = {A3F1B2C4-D5E6-4F78-9012-3456789ABCDE}
		{F1E2D3C4-B5A6-7890-FEDC-BA9876543210} = {F1E2D3C4-B5A6-7890-FEDC-BA9876543210}
	EndProjectSection
EndProject
Project("{8BC9CEB8-8B4A-11D0-8D11-00A0C91BC942}") = "appframework", "src\appframework\appframework.vcxproj", "{03BD822F-165F-485B-4447-EC8C827C9611}"
EndProject
Project("{8BC9CEB8-8B4A-11D0-8D11-00A0C91BC942}") = "bonesetup", "src\bonesetup\bonesetup.vcxproj", "{CAAFCF33-3300-592E-8801-2A62EFAB891D}"
EndProject
Project("{8BC9CEB8-8B4A-11D0-8D11-00A0C91BC942}") = "Datamodel", "src\datamodel\datamodel.vcxproj", "{8F28E772-D187-2ACE-6704-A05C90DBB78B}"
EndProject
Project("{8BC9CEB8-8B4A-11D0-8D11-00A0C91BC942}") = "dmeutils", "src\dmeutils\dmeutils.vcxproj", "{AC675328-15A1-6AFA-769B-1AD3B5211221}"
EndProject
Project("{8BC9CEB8-8B4A-11D0-8D11-00A0C91BC942}") = "Dmserializers", "src\dmserializers\dmserializers.vcxproj", "{691D84CA-A3AB-8291-BFC5-40A19AFCBA99}"
EndProject
Project("{8BC9CEB8-8B4A-11D0-8D11-00A0C91BC942}") = "fbxutils", "src\fbxutils\fbxutils.vcxproj", "{98ED0AAE-791D-8E78-3191-F06DF36168ED}"
EndProject
Project("{8BC9CEB8-8B4A-11D0-8D11-00A0C91BC942}") = "mathlib", "src\mathlib\mathlib.vcxproj", "{BAB92FF0-D72A-D7E5-1988-74628D39B94F}"
EndProject
Project("{8BC9CEB8-8B4A-11D0-8D11-00A0C91BC942}") = "mathlib_extended", "src\mathlib\mathlib_extended.vcxproj", "{D4664DDA-6071-8465-D286-02649CB82F56}"
EndProject
Project("{8BC9CEB8-8B4A-11D0-8D11-00A0C91BC942}") = "mdlobjects", "src\mdlobjects\mdlobjects.vcxproj", "{C3CE5691-7D7A-37DA-4B88-0C6F15549AE5}"
EndProject
Project("{8BC9CEB8-8B4A-11D0-8D11-00A0C91BC942}") = "meshutils", "src\meshutils\meshutils.vcxproj", "{C3359D88-86E6-3AB5-D120-D51856B220A1}"
EndProject
Project("{8BC9CEB8-8B4A-11D0-8D11-00A0C91BC942}") = "Movieobjects", "src\movieobjects\movieobjects.vcxproj", "{CAD9ADB1-E885-7A8F-80AF-5542266390F0}"
EndProject
Project("{8BC9CEB8-8B4A-11D0-8D11-00A0C91BC942}") = "NVTriStripLib", "src\nvtristriplib\nvtristriplib.vcxproj", "{42AF7114-9649-1E2D-D262-3856C7CA4EB5}"
EndProject
Project("{8BC9CEB8-8B4A-11D0-8D11-00A0C91BC942}") = "resourcefile", "src\resourcefile\resourcefile.vcxproj", "{548EAF73-E359-115A-FC55-9505DE855C93}"
EndProject
Project("{8BC9CEB8-8B4A-11D0-8D11-00A0C91BC942}") = "tier0", "src\tier0\tier0.vcxproj", "{77842697-8174-828C-B292-B30886D2FFB2}"
EndProject
Project("{8BC9CEB8-8B4A-11D0-8D11-00A0C91BC942}") = "tier1", "src\tier1\tier1.vcxproj", "{EC1C516D-E1D9-BC0A-F79D-E91E954ED8EC}"
EndProject
Project("{8BC9CEB8-8B4A-11D0-8D11-00A0C91BC942}") = "tier2", "src\tier2\tier2.vcxproj", "{4D8EF5A4-6DAD-80EB-8D2C-CF5A5E5DFA62}"
EndProject
Project("{8BC9CEB8-8B4A-11D0-8D11-00A0C91BC942}") = "tier3", "src\tier3\tier3.vcxproj", "{D855F918-41E5-A41F-C576-EB2DE770214F}"
EndProject
Project("{8BC9CEB8-8B4A-11D0-8D11-00A0C91BC942}") = "vstdlib", "src\vstdlib\vstdlib.vcxproj", "{9066E4D7-44F1-57B5-4309-662633F6247E}"
EndProject
Project("{8BC9CEB8-8B4A-11D0-8D11-00A0C91BC942}") = "filesystem_stdio", "src\filesystem\filesystem_stdio.vcxproj", "{A1B2C3D4-E5F6-7890-ABCD-EF1234567890}"
EndProject
Project("{8BC9CEB8-8B4A-11D0-8D11-00A0C91BC942}") = "materialsystem", "src\materialsystem\materialsystem.vcxproj", "{B1C2D3E4-F5A6-7890-BCDE-F01234567890}"
EndProject
Project("{8BC9CEB8-8B4A-11D0-8D11-00A0C91BC942}") = "studiorender", "src\studiorender\studiorender.vcxproj", "{C2D3E4F5-A6B7-8901-CDEF-012345678901}"
EndProject
Project("{8BC9CEB8-8B4A-11D0-8D11-00A0C91BC942}") = "mdllib", "src\mdllib\mdllib.vcxproj", "{A3F1B2C4-D5E6-4F78-9012-3456789ABCDE}"
EndProject
Project("{8BC9CEB8-8B4A-11D0-8D11-00A0C91BC942}") = "interfaces", "src\interfaces\interfaces.vcxproj", "{D1E2F3A4-B5C6-7890-DEF0-123456789ABC}"
EndProject
Project("{8BC9CEB8-8B4A-11D0-8D11-00A0C91BC942}") = "shaderapiempty", "src\materialsystem\shaderapiempty\shaderapiempty.vcxproj", "{F1E2D3C4-B5A6-7890-FEDC-BA9876543210}"
EndProject
Global
	GlobalSection(SolutionConfigurationPlatforms) = preSolution
		Debug|Win32 = Debug|Win32
		Release|Win32 = Release|Win32
	EndGlobalSection
	GlobalSection(ProjectConfigurationPlatforms) = postSolution
		{11C26299-641F-C11B-AE89-676A714F07D2}.Debug|Win32.ActiveCfg = Debug|Win32
		{11C26299-641F-C11B-AE89-676A714F07D2}.Debug|Win32.Build.0 = Debug|Win32
		{11C26299-641F-C11B-AE89-676A714F07D2}.Release|Win32.ActiveCfg = Release|Win32
		{11C26299-641F-C11B-AE89-676A714F07D2}.Release|Win32.Build.0 = Release|Win32
		{03BD822F-165F-485B-4447-EC8C827C9611}.Debug|Win32.ActiveCfg = Debug|Win32
		{03BD822F-165F-485B-4447-EC8C827C9611}.Debug|Win32.Build.0 = Debug|Win32
		{03BD822F-165F-485B-4447-EC8C827C9611}.Release|Win32.ActiveCfg = Release|Win32
		{03BD822F-165F-485B-4447-EC8C827C9611}.Release|Win32.Build.0 = Release|Win32
		{CAAFCF33-3300-592E-8801-2A62EFAB891D}.Debug|Win32.ActiveCfg = Debug|Win32
		{CAAFCF33-3300-592E-8801-2A62EFAB891D}.Debug|Win32.Build.0 = Debug|Win32
		{CAAFCF33-3300-592E-8801-2A62EFAB891D}.Release|Win32.ActiveCfg = Release|Win32
		{CAAFCF33-3300-592E-8801-2A62EFAB891D}.Release|Win32.Build.0 = Release|Win32
		{8F28E772-D187-2ACE-6704-A05C90DBB78B}.Debug|Win32.ActiveCfg = Debug|Win32
		{8F28E772-D187-2ACE-6704-A05C90DBB78B}.Debug|Win32.Build.0 = Debug|Win32
		{8F28E772-D187-2ACE-6704-A05C90DBB78B}.Release|Win32.ActiveCfg = Release|Win32
		{8F28E772-D187-2ACE-6704-A05C90DBB78B}.Release|Win32.Build.0 = Release|Win32
		{AC675328-15A1-6AFA-769B-1AD3B5211221}.Debug|Win32.ActiveCfg = Debug|Win32
		{AC675328-15A1-6AFA-769B-1AD3B5211221}.Debug|Win32.Build.0 = Debug|Win32
		{AC675328-15A1-6AFA-769B-1AD3B5211221}.Release|Win32.ActiveCfg = Release|Win32
		{AC675328-15A1-6AFA-769B-1AD3B5211221}.Release|Win32.Build.0 = Release|Win32
		{691D84CA-A3AB-8291-BFC5-40A19AFCBA99}.Debug|Win32.ActiveCfg = Debug|Win32
		{691D84CA-A3AB-8291-BFC5-40A19AFCBA99}.Debug|Win32.Build.0 = Debug|Win32
		{691D84CA-A3AB-8291-BFC5-40A19AFCBA99}.Release|Win32.ActiveCfg = Release|Win32
		{691D84CA-A3AB-8291-BFC5-40A19AFCBA99}.Release|Win32.Build.0 = Release|Win32
		{98ED0AAE-791D-8E78-3191-F06DF36168ED}.Debug|Win32.ActiveCfg = Debug|Win32
		{98ED0AAE-791D-8E78-3191-F06DF36168ED}.Debug|Win32.Build.0 = Debug|Win32
		{98ED0AAE-791D-8E78-3191-F06DF36168ED}.Release|Win32.ActiveCfg = Release|Win32
		{98ED0AAE-791D-8E78-3191-F06DF36168ED}.Release|Win32.Build.0 = Release|Win32
		{BAB92FF0-D72A-D7E5-1988-74628D39B94F}.Debug|Win32.ActiveCfg = Debug|Win32
		{BAB92FF0-D72A-D7E5-1988-74628D39B94F}.Debug|Win32.Build.0 = Debug|Win32
		{BAB92FF0-D72A-D7E5-1988-74628D39B94F}.Release|Win32.ActiveCfg = Release|Win32
		{BAB92FF0-D72A-D7E5-1988-74628D39B94F}.Release|Win32.Build.0 = Release|Win32
		{D4664DDA-6071-8465-D286-02649CB82F56}.Debug|Win32.ActiveCfg = Debug|Win32
		{D4664DDA-6071-8465-D286-02649CB82F56}.Debug|Win32.Build.0 = Debug|Win32
		{D4664DDA-6071-8465-D286-02649CB82F56}.Release|Win32.ActiveCfg = Release|Win32
		{D4664DDA-6071-8465-D286-02649CB82F56}.Release|Win32.Build.0 = Release|Win32
		{C3CE5691-7D7A-37DA-4B88-0C6F15549AE5}.Debug|Win32.ActiveCfg = Debug|Win32
		{C3CE5691-7D7A-37DA-4B88-0C6F15549AE5}.Debug|Win32.Build.0 = Debug|Win32
		{C3CE5691-7D7A-37DA-4B88-0C6F15549AE5}.Release|Win32.ActiveCfg = Release|Win32
		{C3CE5691-7D7A-37DA-4B88-0C6F15549AE5}.Release|Win32.Build.0 = Release|Win32
		{C3359D88-86E6-3AB5-D120-D51856B220A1}.Debug|Win32.ActiveCfg = Debug|Win32
		{C3359D88-86E6-3AB5-D120-D51856B220A1}.Debug|Win32.Build.0 = Debug|Win32
		{C3359D88-86E6-3AB5-D120-D51856B220A1}.Release|Win32.ActiveCfg = Release|Win32
		{C3359D88-86E6-3AB5-D120-D51856B220A1}.Release|Win32.Build.0 = Release|Win32
		{CAD9ADB1-E885-7A8F-80AF-5542266390F0}.Debug|Win32.ActiveCfg = Debug|Win32
		{CAD9ADB1-E885-7A8F-80AF-5542266390F0}.Debug|Win32.Build.0 = Debug|Win32
		{CAD9ADB1-E885-7A8F-80AF-5542266390F0}.Release|Win32.ActiveCfg = Release|Win32
		{CAD9ADB1-E885-7A8F-80AF-5542266390F0}.Release|Win32.Build.0 = Release|Win32
		{42AF7114-9649-1E2D-D262-3856C7CA4EB5}.Debug|Win32.ActiveCfg = Debug|Win32
		{42AF7114-9649-1E2D-D262-3856C7CA4EB5}.Debug|Win32.Build.0 = Debug|Win32
		{42AF7114-9649-1E2D-D262-3856C7CA4EB5}.Release|Win32.ActiveCfg = Release|Win32
		{42AF7114-9649-1E2D-D262-3856C7CA4EB5}.Release|Win32.Build.0 = Release|Win32
		{548EAF73-E359-115A-FC55-9505DE855C93}.Debug|Win32.ActiveCfg = Debug|Win32
		{548EAF73-E359-115A-FC55-9505DE855C93}.Debug|Win32.Build.0 = Debug|Win32
		{548EAF73-E359-115A-FC55-9505DE855C93}.Release|Win32.ActiveCfg = Release|Win32
		{548EAF73-E359-115A-FC55-9505DE855C93}.Release|Win32.Build.0 = Release|Win32
		{77842697-8174-828C-B292-B30886D2FFB2}.Debug|Win32.ActiveCfg = Debug|Win32
		{77842697-8174-828C-B292-B30886D2FFB2}.Debug|Win32.Build.0 = Debug|Win32
		{77842697-8174-828C-B292-B30886D2FFB2}.Release|Win32.ActiveCfg = Release|Win32
		{77842697-8174-828C-B292-B30886D2FFB2}.Release|Win32.Build.0 = Release|Win32
		{EC1C516D-E1D9-BC0A-F79D-E91E954ED8EC}.Debug|Win32.ActiveCfg = Debug|Win32
		{EC1C516D-E1D9-BC0A-F79D-E91E954ED8EC}.Debug|Win32.Build.0 = Debug|Win32
		{EC1C516D-E1D9-BC0A-F79D-E91E954ED8EC}.Release|Win32.ActiveCfg = Release|Win32
		{EC1C516D-E1D9-BC0A-F79D-E91E954ED8EC}.Release|Win32.Build.0 = Release|Win32
		{4D8EF5A4-6DAD-80EB-8D2C-CF5A5E5DFA62}.Debug|Win32.ActiveCfg = Debug|Win32
		{4D8EF5A4-6DAD-80EB-8D2C-CF5A5E5DFA62}.Debug|Win32.Build.0 = Debug|Win32
		{4D8EF5A4-6DAD-80EB-8D2C-CF5A5E5DFA62}.Release|Win32.ActiveCfg = Release|Win32
		{4D8EF5A4-6DAD-80EB-8D2C-CF5A5E5DFA62}.Release|Win32.Build.0 = Release|Win32
		{D855F918-41E5-A41F-C576-EB2DE770214F}.Debug|Win32.ActiveCfg = Debug|Win32
		{D855F918-41E5-A41F-C576-EB2DE770214F}.Debug|Win32.Build.0 = Debug|Win32
		{D855F918-41E5-A41F-C576-EB2DE770214F}.Release|Win32.ActiveCfg = Release|Win32
		{D855F918-41E5-A41F-C576-EB2DE770214F}.Release|Win32.Build.0 = Release|Win32
		{9066E4D7-44F1-57B5-4309-662633F6247E}.Debug|Win32.ActiveCfg = Debug|Win32
		{9066E4D7-44F1-57B5-4309-662633F6247E}.Debug|Win32.Build.0 = Debug|Win32
		{9066E4D7-44F1-57B5-4309-662633F6247E}.Release|Win32.ActiveCfg = Release|Win32
		{9066E4D7-44F1-57B5-4309-662633F6247E}.Release|Win32.Build.0 = Release|Win32
		{A1B2C3D4-E5F6-7890-ABCD-EF1234567890}.Debug|Win32.ActiveCfg = Debug|Win32
		{A1B2C3D4-E5F6-7890-ABCD-EF1234567890}.Debug|Win32.Build.0 = Debug|Win32
		{A1B2C3D4-E5F6-7890-ABCD-EF1234567890}.Release|Win32.ActiveCfg = Release|Win32
		{A1B2C3D4-E5F6-7890-ABCD-EF1234567890}.Release|Win32.Build.0 = Release|Win32
		{B1C2D3E4-F5A6-7890-BCDE-F01234567890}.Debug|Win32.ActiveCfg = Debug|Win32
		{B1C2D3E4-F5A6-7890-BCDE-F01234567890}.Debug|Win32.Build.0 = Debug|Win32
		{B1C2D3E4-F5A6-7890-BCDE-F01234567890}.Release|Win32.ActiveCfg = Release|Win32
		{B1C2D3E4-F5A6-7890-BCDE-F01234567890}.Release|Win32.Build.0 = Release|Win32
		{C2D3E4F5-A6B7-8901-CDEF-012345678901}.Debug|Win32.ActiveCfg = Debug|Win32
		{C2D3E4F5-A6B7-8901-CDEF-012345678901}.Debug|Win32.Build.0 = Debug|Win32
		{C2D3E4F5-A6B7-8901-CDEF-012345678901}.Release|Win32.ActiveCfg = Release|Win32
		{C2D3E4F5-A6B7-8901-CDEF-012345678901}.Release|Win32.Build.0 = Release|Win32
		{A3F1B2C4-D5E6-4F78-9012-3456789ABCDE}.Debug|Win32.ActiveCfg = Debug|Win32
		{A3F1B2C4-D5E6-4F78-9012-3456789ABCDE}.Debug|Win32.Build.0 = Debug|Win32
		{A3F1B2C4-D5E6-4F78-9012-3456789ABCDE}.Release|Win32.ActiveCfg = Release|Win32
		{A3F1B2C4-D5E6-4F78-9012-3456789ABCDE}.Release|Win32.Build.0 = Release|Win32
		{D1E2F3A4-B5C6-7890-DEF0-123456789ABC}.Debug|Win32.ActiveCfg = Debug|Win32
		{D1E2F3A4-B5C6-7890-DEF0-123456789ABC}.Debug|Win32.Build.0 = Debug|Win32
		{D1E2F3A4-B5C6-7890-DEF0-123456789ABC}.Release|Win32.ActiveCfg = Release|Win32
		{D1E2F3A4-B5C6-7890-DEF0-123456789ABC}.Release|Win32.Build.0 = Release|Win32
		{F1E2D3C4-B5A6-7890-FEDC-BA9876543210}.Debug|Win32.ActiveCfg = Debug|Win32
		{F1E2D3C4-B5A6-7890-FEDC-BA9876543210}.Debug|Win32.Build.0 = Debug|Win32
		{F1E2D3C4-B5A6-7890-FEDC-BA9876543210}.Release|Win32.ActiveCfg = Release|Win32
		{F1E2D3C4-B5A6-7890-FEDC-BA9876543210}.Release|Win32.Build.0 = Release|Win32
	EndGlobalSection
	GlobalSection(SolutionProperties) = preSolution
		HideSolutionNode = FALSE
	EndGlobalSection
EndGlobal
